{
  "name": "@nodenv/node-build",
  "version": "5.4.22",
  "lockfileVersion": 3,
  "requires": true,
  "packages": {
    "": {
      "name": "@nodenv/node-build",
      "version": "5.4.22",
      "license": "MIT",
      "bin": {
        "node-build": "bin/node-build",
        "nodenv-install": "bin/nodenv-install",
        "nodenv-uninstall": "bin/nodenv-uninstall"
      },
      "devDependencies": {
        "@nodenv/node-build-update-defs": "2",
        "bats": "1",
        "bats-assert": "2",
        "bats-mock": "1",
        "bats-support": "^0.3.0"
      }
    },
    "node_modules/@nodenv/node-build-update-defs": {
      "version": "2.11.3",
      "resolved": "https://registry.npmjs.org/@nodenv/node-build-update-defs/-/node-build-update-defs-2.11.3.tgz",
      "integrity": "sha512-SkHOeVDgb4kJfcEFOPBLB/YoZkvA+RAtkDwr4b+R1ZJpjS5+fXuDYidHlQH4dNNFnjDBWRPrzMEf4kos6ocB3Q==",
      "dev": true,
      "hasInstallScript": true,
      "bin": {
        "nodenv-prune-version-defs": "bin/nodenv-prune-version-defs",
        "nodenv-update-version-defs": "bin/nodenv-update-version-defs"
      },
      "engines": {
        "node": ">=6"
      }
    },
    "node_modules/bats": {
      "version": "1.13.0",
      "resolved": "https://registry.npmjs.org/bats/-/bats-1.13.0.tgz",
      "integrity": "sha512-giSYKGTOcPZyJDbfbTtzAedLcNWdjCLbXYU3/MwPnjyvDXzu6Dgw8d2M+8jHhZXSmsCMSQqCp+YBsJ603UO4vQ==",
      "dev": true,
      "bin": {
        "bats": "bin/bats"
      }
    },
    "node_modules/bats-assert": {
      "version": "2.2.4",
      "resolved": "https://registry.npmjs.org/bats-assert/-/bats-assert-2.2.4.tgz",
      "integrity": "sha512-EcaY4Z+Tbz1c7pnC1SrVSq0epr7tLwFpz6qt7KUW9K8uSw8V12DTfH9d2HxZWvBEATaCuMsZ7KoZMFiSQPRoXw==",
      "dev": true,
      "license": "CC0-1.0",
      "peerDependencies": {
        "bats": "0.4 || ^1",
        "bats-support": "^0.3"
      }
    },
    "node_modules/bats-mock": {
      "version": "1.1.0",
      "resolved": "https://registry.npmjs.org/bats-mock/-/bats-mock-1.1.0.tgz",
      "integrity": "sha512-FFkHRh3umeuAAh/xUl6UjUFCQamFYiSEUrT8yyKPfrHdtpxNhISYtVaEa4u4OVcyP6PxcNUTzwD8q+EYjG/Q6Q==",
      "dev": true,
      "peerDependencies": {
        "bats": "^0.4.2 || ^1"
      }
    },
    "node_modules/bats-support": {
      "version": "0.3.0",
      "resolved": "https://registry.npmjs.org/bats-support/-/bats-support-0.3.0.tgz",
      "integrity": "sha512-z+2WzXbI4OZgLnynydqH8GpI3+DcOtepO66PlK47SfEzTkiuV9hxn9eIQX+uLVFbt2Oqoc7Ky3TJ/N83lqD+cg==",
      "dev": true,
      "license": "CC0-1.0",
      "peerDependencies": {
        "bats": "0.4 || ^1"
      }
    }
  }
}
