{
  "name": "node-build",
  "version": "3.1.0",
  "lockfileVersion": 1,
  "requires": true,
  "dependencies": {
    "bats": {
      "version": "1.1.0",
      "resolved": "https://registry.npmjs.org/bats/-/bats-1.1.0.tgz",
      "integrity": "sha512-1pA29OhDByrUtAXX+nmqZxgRgx2y8PvuZzbLJVjd2dpEDVDvz0MjcBMdmIPNq5lC+tG53G+RbeRsbIlv3vw7tg==",
      "dev": true
    },
    "bats-assert": {
      "version": "1.1.1",
      "resolved": "https://registry.npmjs.org/bats-assert/-/bats-assert-1.1.1.tgz",
      "integrity": "sha1-E+8EWuvEJZSWyKG3/x7otPguWM0=",
      "dev": true
    },
    "bats-mock": {
      "version": "1.0.1",
      "resolved": "https://registry.npmjs.org/bats-mock/-/bats-mock-1.0.1.tgz",
      "integrity": "sha1-+G19H84+RhU4L2PemvX/3+dN9dU=",
      "dev": true
    },
    "brew-publish": {
      "version": "2.0.0",
      "resolved": "https://registry.npmjs.org/brew-publish/-/brew-publish-2.0.0.tgz",
      "integrity": "sha1-k7DjHV/EYNDg6MH9Y7udDJJtXtI=",
      "dev": true
    }
  }
}
