{
  "name": "@nodenv/node-build",
  "version": "5.3.14",
  "lockfileVersion": 3,
  "requires": true,
  "packages": {
    "": {
      "name": "@nodenv/node-build",
      "version": "5.3.14",
      "license": "MIT",
      "devDependencies": {
        "@nodenv/node-build-update-defs": "^2.11.1",
        "bats": "^1.11.0",
        "bats-assert": "github:jasonkarns/bats-assert-1",
        "bats-mock": "^1",
        "bats-support": "github:jasonkarns/bats-support"
      }
    },
    "node_modules/@nodenv/node-build-update-defs": {
      "version": "2.11.1",
      "resolved": "https://registry.npmjs.org/@nodenv/node-build-update-defs/-/node-build-update-defs-2.11.1.tgz",
      "integrity": "sha512-T6iXD6U5gqaBsEfNihPbBH8m1w5rID4DKxq4b++JGPKg4d5AcPmJeT6sck9fFqpoLo9iM38bJlGiia2OSZ4u0w==",
      "dev": true,
      "hasInstallScript": true,
      "bin": {
        "nodenv-prune-version-defs": "bin/nodenv-prune-version-defs",
        "nodenv-update-version-defs": "bin/nodenv-update-version-defs"
      },
      "engines": {
        "node": ">=6"
      }
    },
    "node_modules/bats": {
      "version": "1.11.0",
      "resolved": "https://registry.npmjs.org/bats/-/bats-1.11.0.tgz",
      "integrity": "sha512-qiKdnS4ID3bJ1MaEOKuZe12R4w+t+psJF0ICj+UdkiHBBoObPMHv8xmD3w6F4a5qwUyZUHS+413lxENBNy8xcQ==",
      "dev": true,
      "bin": {
        "bats": "bin/bats"
      }
    },
    "node_modules/bats-assert": {
      "version": "2.1.0",
      "resolved": "git+ssh://git@github.com/jasonkarns/bats-assert-1.git#e2d855bc78619ee15b0c702b5c30fb074101159f",
      "integrity": "sha512-essBJNGadRCxpjrypamUSyJ2wzBnCAgvcO7/WS7VU1ZDrAxnWFSjx8hTNXZIcoGGcbps5eg3nS32prghhJO5aA==",
      "dev": true,
      "license": "CC0-1.0",
      "peerDependencies": {
        "bats": "0.4 || ^1",
        "bats-support": "^0.3"
      }
    },
    "node_modules/bats-mock": {
      "version": "1.2.5",
      "resolved": "https://registry.npmjs.org/bats-mock/-/bats-mock-1.2.5.tgz",
      "integrity": "sha512-gS6r3XwQnqoDUFQtzSW8rdsD62uHSFRjH1x7g9Q5RnQLnftM3UogfVIboGwvqLk+k0glY5u/qqO/nI4GGU2ZYQ==",
      "dev": true,
      "peerDependencies": {
        "bats": "^0.4.2 || ^1"
      }
    },
    "node_modules/bats-support": {
      "version": "0.3.0",
      "resolved": "git+ssh://git@github.com/jasonkarns/bats-support.git#9bf10e876dd6b624fe44423f0b35e064225f7556",
      "integrity": "sha512-Y4m/iyagkCQqX8B6tWRau6W3bc88e/ArlhcAbxuQ3h7pZjV1DO22OvwSqwdbtJl7XylWVjfovnUyqo+v63c2ig==",
      "dev": true,
      "license": "CC0-1.0",
      "peerDependencies": {
        "bats": "0.4 || ^1"
      }
    }
  }
}
